
Microsoft Visual Studio Solution File, Format Version 12.00
# Visual Studio 2012
Project("{FAE04EC0-301F-11D3-BF4B-00C04F79EFBC}") = "Comora.Samples", "Comora.Samples\Comora.Samples.csproj", "{F9E92E3F-9B9C-4800-8B04-0BD93F2483C3}"
EndProject
Project("{FAE04EC0-301F-11D3-BF4B-00C04F79EFBC}") = "Comora", "Comora\Comora.csproj", "{EF814457-2BEF-4D6E-BE2A-7E660EC8BBF6}"
EndProject
Global
	GlobalSection(SolutionConfigurationPlatforms) = preSolution
		Debug|Any CPU = Debug|Any CPU
		Release|Any CPU = Release|Any CPU
	EndGlobalSection
	GlobalSection(ProjectConfigurationPlatforms) = postSolution
		{F9E92E3F-9B9C-4800-8B04-0BD93F2483C3}.Debug|Any CPU.ActiveCfg = Debug|Any CPU
		{F9E92E3F-9B9C-4800-8B04-0BD93F2483C3}.Debug|Any CPU.Build.0 = Debug|Any CPU
		{F9E92E3F-9B9C-4800-8B04-0BD93F2483C3}.Release|Any CPU.ActiveCfg = Release|Any CPU
		{F9E92E3F-9B9C-4800-8B04-0BD93F2483C3}.Release|Any CPU.Build.0 = Release|Any CPU
		{EF814457-2BEF-4D6E-BE2A-7E660EC8BBF6}.Debug|Any CPU.ActiveCfg = Debug|Any CPU
		{EF814457-2BEF-4D6E-BE2A-7E660EC8BBF6}.Debug|Any CPU.Build.0 = Debug|Any CPU
		{EF814457-2BEF-4D6E-BE2A-7E660EC8BBF6}.Release|Any CPU.ActiveCfg = Release|Any CPU
		{EF814457-2BEF-4D6E-BE2A-7E660EC8BBF6}.Release|Any CPU.Build.0 = Release|Any CPU
	EndGlobalSection
EndGlobal
